
Microsoft Visual Studio Solution File, Format Version 12.00
# Visual Studio Version 17
VisualStudioVersion = 17.8.34330.188
MinimumVisualStudioVersion = 10.0.40219.1
Project("{FAE04EC0-301F-11D3-BF4B-00C04F79EFBC}") = "If Statements", "If Statements.csproj", "{B4E85EE9-1C69-49C0-9002-398F7ADF165B}"
EndProject
Global
	GlobalSection(SolutionConfigurationPlatforms) = preSolution
		Debug|Any CPU = Debug|Any CPU
		Release|Any CPU = Release|Any CPU
	EndGlobalSection
	GlobalSection(ProjectConfigurationPlatforms) = postSolution
		{B4E85EE9-1C69-49C0-9002-398F7ADF165B}.Debug|Any CPU.ActiveCfg = Debug|Any CPU
		{B4E85EE9-1C69-49C0-9002-398F7ADF165B}.Debug|Any CPU.Build.0 = Debug|Any CPU
		{B4E85EE9-1C69-49C0-9002-398F7ADF165B}.Release|Any CPU.ActiveCfg = Release|Any CPU
		{B4E85EE9-1C69-49C0-9002-398F7ADF165B}.Release|Any CPU.Build.0 = Release|Any CPU
	EndGlobalSection
	GlobalSection(SolutionProperties) = preSolution
		HideSolutionNode = FALSE
	EndGlobalSection
	GlobalSection(ExtensibilityGlobals) = postSolution
		SolutionGuid = {3FBF2611-BDAE-4807-BCAF-DFF12E7D6ABA}
	EndGlobalSection
EndGlobal
